
Microsoft Visual Studio Solution File, Format Version 12.00
# Visual Studio 14
VisualStudioVersion = 14.0.25420.1
MinimumVisualStudioVersion = 10.0.40219.1
Project("{2150E333-8FDC-42A3-9474-1A3956D46DE8}") = "1.UI表现层", "1.UI表现层", "{B4AECEF3-7E3B-4F2E-B9DC-07F6816AD4D3}"
EndProject
Project("{2150E333-8FDC-42A3-9474-1A3956D46DE8}") = "5.DAL数据层", "5.DAL数据层", "{963DADC6-DB3F-4CE0-B241-15C8F37514D6}"
EndProject
Project("{2150E333-8FDC-42A3-9474-1A3956D46DE8}") = "3.BLL业务层", "3.BLL业务层", "{3BFEE22B-EDD0-4107-A0B1-3B134A8D9D10}"
EndProject
Project("{2150E333-8FDC-42A3-9474-1A3956D46DE8}") = "2.IBLL业务接口层", "2.IBLL业务接口层", "{D772EFCA-2A57-48BF-8585-C51110089A3F}"
EndProject
Project("{2150E333-8FDC-42A3-9474-1A3956D46DE8}") = "4.IDAL数据接口层", "4.IDAL数据接口层", "{B3A3DAE0-DBFF-4704-9577-2FFB35C4CE37}"
EndProject
Project("{2150E333-8FDC-42A3-9474-1A3956D46DE8}") = "6.Model层", "6.Model层", "{FE57B517-CF15-4245-9CA1-6F0173818EEE}"
EndProject
Project("{FAE04EC0-301F-11D3-BF4B-00C04F79EFBC}") = "WeiShop.Service", "WeiShop.Service\WeiShop.Service.csproj", "{2801E4E3-51AA-452C-83E5-111D96DAFB4B}"
	ProjectSection(ProjectDependencies) = postProject
		{4B6898B7-627C-4777-9FE0-C24742F23D3A} = {4B6898B7-627C-4777-9FE0-C24742F23D3A}
		{971964F9-F33F-4477-B206-634CF5364CF4} = {971964F9-F33F-4477-B206-634CF5364CF4}
	EndProjectSection
EndProject
Project("{FAE04EC0-301F-11D3-BF4B-00C04F79EFBC}") = "WeiShop.IService", "WeiShop.IService\WeiShop.IService.csproj", "{971964F9-F33F-4477-B206-634CF5364CF4}"
	ProjectSection(ProjectDependencies) = postProject
		{4B6898B7-627C-4777-9FE0-C24742F23D3A} = {4B6898B7-627C-4777-9FE0-C24742F23D3A}
	EndProjectSection
EndProject
Project("{FAE04EC0-301F-11D3-BF4B-00C04F79EFBC}") = "WeiShop.Repository", "WeiShop.Repository\WeiShop.Repository.csproj", "{7983678A-EBB7-46FB-A4D3-2BAAE01D6AEF}"
	ProjectSection(ProjectDependencies) = postProject
		{4B6898B7-627C-4777-9FE0-C24742F23D3A} = {4B6898B7-627C-4777-9FE0-C24742F23D3A}
	EndProjectSection
EndProject
Project("{FAE04EC0-301F-11D3-BF4B-00C04F79EFBC}") = "WeiShop.IRepository", "WeiShop.IRepository\WeiShop.IRepository.csproj", "{4B6898B7-627C-4777-9FE0-C24742F23D3A}"
EndProject
Project("{FAE04EC0-301F-11D3-BF4B-00C04F79EFBC}") = "WeiShop.Web", "WeiShop.Web\WeiShop.Web.csproj", "{61D34362-B7CF-4DAF-8C4E-3E7680B379D7}"
	ProjectSection(ProjectDependencies) = postProject
		{971964F9-F33F-4477-B206-634CF5364CF4} = {971964F9-F33F-4477-B206-634CF5364CF4}
	EndProjectSection
EndProject
Project("{FAE04EC0-301F-11D3-BF4B-00C04F79EFBC}") = "WeiShopModel", "WeiShopModel\WeiShopModel.csproj", "{0C945925-68CA-4558-813E-4751E4C22552}"
EndProject
Global
	GlobalSection(SolutionConfigurationPlatforms) = preSolution
		Debug|Any CPU = Debug|Any CPU
		Release|Any CPU = Release|Any CPU
	EndGlobalSection
	GlobalSection(ProjectConfigurationPlatforms) = postSolution
		{2801E4E3-51AA-452C-83E5-111D96DAFB4B}.Debug|Any CPU.ActiveCfg = Debug|Any CPU
		{2801E4E3-51AA-452C-83E5-111D96DAFB4B}.Debug|Any CPU.Build.0 = Debug|Any CPU
		{2801E4E3-51AA-452C-83E5-111D96DAFB4B}.Release|Any CPU.ActiveCfg = Release|Any CPU
		{2801E4E3-51AA-452C-83E5-111D96DAFB4B}.Release|Any CPU.Build.0 = Release|Any CPU
		{971964F9-F33F-4477-B206-634CF5364CF4}.Debug|Any CPU.ActiveCfg = Debug|Any CPU
		{971964F9-F33F-4477-B206-634CF5364CF4}.Debug|Any CPU.Build.0 = Debug|Any CPU
		{971964F9-F33F-4477-B206-634CF5364CF4}.Release|Any CPU.ActiveCfg = Release|Any CPU
		{971964F9-F33F-4477-B206-634CF5364CF4}.Release|Any CPU.Build.0 = Release|Any CPU
		{7983678A-EBB7-46FB-A4D3-2BAAE01D6AEF}.Debug|Any CPU.ActiveCfg = Debug|Any CPU
		{7983678A-EBB7-46FB-A4D3-2BAAE01D6AEF}.Debug|Any CPU.Build.0 = Debug|Any CPU
		{7983678A-EBB7-46FB-A4D3-2BAAE01D6AEF}.Release|Any CPU.ActiveCfg = Release|Any CPU
		{7983678A-EBB7-46FB-A4D3-2BAAE01D6AEF}.Release|Any CPU.Build.0 = Release|Any CPU
		{4B6898B7-627C-4777-9FE0-C24742F23D3A}.Debug|Any CPU.ActiveCfg = Debug|Any CPU
		{4B6898B7-627C-4777-9FE0-C24742F23D3A}.Debug|Any CPU.Build.0 = Debug|Any CPU
		{4B6898B7-627C-4777-9FE0-C24742F23D3A}.Release|Any CPU.ActiveCfg = Release|Any CPU
		{4B6898B7-627C-4777-9FE0-C24742F23D3A}.Release|Any CPU.Build.0 = Release|Any CPU
		{61D34362-B7CF-4DAF-8C4E-3E7680B379D7}.Debug|Any CPU.ActiveCfg = Debug|Any CPU
		{61D34362-B7CF-4DAF-8C4E-3E7680B379D7}.Debug|Any CPU.Build.0 = Debug|Any CPU
		{61D34362-B7CF-4DAF-8C4E-3E7680B379D7}.Release|Any CPU.ActiveCfg = Release|Any CPU
		{61D34362-B7CF-4DAF-8C4E-3E7680B379D7}.Release|Any CPU.Build.0 = Release|Any CPU
		{0C945925-68CA-4558-813E-4751E4C22552}.Debug|Any CPU.ActiveCfg = Debug|Any CPU
		{0C945925-68CA-4558-813E-4751E4C22552}.Debug|Any CPU.Build.0 = Debug|Any CPU
		{0C945925-68CA-4558-813E-4751E4C22552}.Release|Any CPU.ActiveCfg = Release|Any CPU
		{0C945925-68CA-4558-813E-4751E4C22552}.Release|Any CPU.Build.0 = Release|Any CPU
	EndGlobalSection
	GlobalSection(SolutionProperties) = preSolution
		HideSolutionNode = FALSE
	EndGlobalSection
	GlobalSection(NestedProjects) = preSolution
		{2801E4E3-51AA-452C-83E5-111D96DAFB4B} = {3BFEE22B-EDD0-4107-A0B1-3B134A8D9D10}
		{971964F9-F33F-4477-B206-634CF5364CF4} = {D772EFCA-2A57-48BF-8585-C51110089A3F}
		{7983678A-EBB7-46FB-A4D3-2BAAE01D6AEF} = {963DADC6-DB3F-4CE0-B241-15C8F37514D6}
		{4B6898B7-627C-4777-9FE0-C24742F23D3A} = {B3A3DAE0-DBFF-4704-9577-2FFB35C4CE37}
		{61D34362-B7CF-4DAF-8C4E-3E7680B379D7} = {B4AECEF3-7E3B-4F2E-B9DC-07F6816AD4D3}
		{0C945925-68CA-4558-813E-4751E4C22552} = {FE57B517-CF15-4245-9CA1-6F0173818EEE}
	EndGlobalSection
EndGlobal
